// !$*UTF8*$!
{
	archiveVersion = 1;
	classes = {
	};
	objectVersion = 50;
	objects = {

/* Begin PBXBuildFile section */
		005B9D382658D4F600575FAC /* AppDelegate.swift in Sources */ = {isa = PBXBuildFile; fileRef = 005B9D372658D4F600575FAC /* AppDelegate.swift */; };
		005B9D3A2658D4F600575FAC /* SceneDelegate.swift in Sources */ = {isa = PBXBuildFile; fileRef = 005B9D392658D4F600575FAC /* SceneDelegate.swift */; };
		005B9D3C2658D4F600575FAC /* HomeViewController.swift in Sources */ = {isa = PBXBuildFile; fileRef = 005B9D3B2658D4F600575FAC /* HomeViewController.swift */; };
		005B9D3F2658D4F600575FAC /* Main.storyboard in Resources */ = {isa = PBXBuildFile; fileRef = 005B9D3D2658D4F600575FAC /* Main.storyboard */; };
		005B9D412658D4F900575FAC /* Assets.xcassets in Resources */ = {isa = PBXBuildFile; fileRef = 005B9D402658D4F900575FAC /* Assets.xcassets */; };
		005B9D442658D4F900575FAC /* LaunchScreen.storyboard in Resources */ = {isa = PBXBuildFile; fileRef = 005B9D422658D4F900575FAC /* LaunchScreen.storyboard */; };
		FF5A47E226593A7B0003DEB1 /* PlaceTableViewCell.swift in Sources */ = {isa = PBXBuildFile; fileRef = FF5A47E026593A7B0003DEB1 /* PlaceTableViewCell.swift */; };
		FF5A47E326593A7B0003DEB1 /* PlaceTableViewCell.xib in Resources */ = {isa = PBXBuildFile; fileRef = FF5A47E126593A7B0003DEB1 /* PlaceTableViewCell.xib */; };
		FF5A47E6265948350003DEB1 /* CALayer+addBorder.swift in Sources */ = {isa = PBXBuildFile; fileRef = FF5A47E5265948350003DEB1 /* CALayer+addBorder.swift */; };
		005B9D4C2659055D00575FAC /* SearchViewController.swift in Sources */ = {isa = PBXBuildFile; fileRef = 005B9D4B2659055D00575FAC /* SearchViewController.swift */; };
		005B9D502659449100575FAC /* Confirm.storyboard in Resources */ = {isa = PBXBuildFile; fileRef = 005B9D4F2659449100575FAC /* Confirm.storyboard */; };
		005B9D52265944AA00575FAC /* ConfirmViewController.swift in Sources */ = {isa = PBXBuildFile; fileRef = 005B9D51265944AA00575FAC /* ConfirmViewController.swift */; };
		FF8B266F2658DDA000E54162 /* SearchPathAPI.swift in Sources */ = {isa = PBXBuildFile; fileRef = FF8B266E2658DDA000E54162 /* SearchPathAPI.swift */; };
		FF8B26712658DDC200E54162 /* SearchPlaceAPI.swift in Sources */ = {isa = PBXBuildFile; fileRef = FF8B26702658DDC200E54162 /* SearchPlaceAPI.swift */; };
		FF8B26742658DEC500E54162 /* APIURLs.swift in Sources */ = {isa = PBXBuildFile; fileRef = FF8B26732658DEC500E54162 /* APIURLs.swift */; };
		FF8B26772658E00100E54162 /* Places.swift in Sources */ = {isa = PBXBuildFile; fileRef = FF8B26762658E00100E54162 /* Places.swift */; };
		FF8B26792658E42100E54162 /* Paths.swift in Sources */ = {isa = PBXBuildFile; fileRef = FF8B26782658E42100E54162 /* Paths.swift */; };
		005B9D4C2659055D00575FAC /* SearchViewController.swift in Sources */ = {isa = PBXBuildFile; fileRef = 005B9D4B2659055D00575FAC /* SearchViewController.swift */; };
		FF8B267B26591D1700E54162 /* SearchResult.storyboard in Resources */ = {isa = PBXBuildFile; fileRef = FF8B267A26591D1700E54162 /* SearchResult.storyboard */; };
		FF8B267D26591E4700E54162 /* SearchResultController.swift in Sources */ = {isa = PBXBuildFile; fileRef = FF8B267C26591E4600E54162 /* SearchResultController.swift */; };
/* End PBXBuildFile section */

/* Begin PBXFileReference section */
		005B9D342658D4F600575FAC /* Noonee.app */ = {isa = PBXFileReference; explicitFileType = wrapper.application; includeInIndex = 0; path = Noonee.app; sourceTree = BUILT_PRODUCTS_DIR; };
		005B9D372658D4F600575FAC /* AppDelegate.swift */ = {isa = PBXFileReference; lastKnownFileType = sourcecode.swift; path = AppDelegate.swift; sourceTree = "<group>"; };
		005B9D392658D4F600575FAC /* SceneDelegate.swift */ = {isa = PBXFileReference; lastKnownFileType = sourcecode.swift; path = SceneDelegate.swift; sourceTree = "<group>"; };
		005B9D3B2658D4F600575FAC /* HomeViewController.swift */ = {isa = PBXFileReference; lastKnownFileType = sourcecode.swift; path = HomeViewController.swift; sourceTree = "<group>"; };
		005B9D3E2658D4F600575FAC /* Base */ = {isa = PBXFileReference; lastKnownFileType = file.storyboard; name = Base; path = Base.lproj/Main.storyboard; sourceTree = "<group>"; };
		005B9D402658D4F900575FAC /* Assets.xcassets */ = {isa = PBXFileReference; lastKnownFileType = folder.assetcatalog; path = Assets.xcassets; sourceTree = "<group>"; };
		005B9D432658D4F900575FAC /* Base */ = {isa = PBXFileReference; lastKnownFileType = file.storyboard; name = Base; path = Base.lproj/LaunchScreen.storyboard; sourceTree = "<group>"; };
		005B9D452658D4F900575FAC /* Info.plist */ = {isa = PBXFileReference; lastKnownFileType = text.plist.xml; path = Info.plist; sourceTree = "<group>"; };
		005B9D4B2659055D00575FAC /* SearchViewController.swift */ = {isa = PBXFileReference; lastKnownFileType = sourcecode.swift; path = SearchViewController.swift; sourceTree = "<group>"; };
		005B9D4F2659449100575FAC /* Confirm.storyboard */ = {isa = PBXFileReference; lastKnownFileType = file.storyboard; path = Confirm.storyboard; sourceTree = "<group>"; };
		005B9D51265944AA00575FAC /* ConfirmViewController.swift */ = {isa = PBXFileReference; lastKnownFileType = sourcecode.swift; path = ConfirmViewController.swift; sourceTree = "<group>"; };
		FF5A47E026593A7B0003DEB1 /* PlaceTableViewCell.swift */ = {isa = PBXFileReference; lastKnownFileType = sourcecode.swift; path = PlaceTableViewCell.swift; sourceTree = "<group>"; };
		FF5A47E126593A7B0003DEB1 /* PlaceTableViewCell.xib */ = {isa = PBXFileReference; lastKnownFileType = file.xib; path = PlaceTableViewCell.xib; sourceTree = "<group>"; };
		FF5A47E5265948350003DEB1 /* CALayer+addBorder.swift */ = {isa = PBXFileReference; lastKnownFileType = sourcecode.swift; path = "CALayer+addBorder.swift"; sourceTree = "<group>"; };
		FF8B266E2658DDA000E54162 /* SearchPathAPI.swift */ = {isa = PBXFileReference; lastKnownFileType = sourcecode.swift; path = SearchPathAPI.swift; sourceTree = "<group>"; };
		FF8B26702658DDC200E54162 /* SearchPlaceAPI.swift */ = {isa = PBXFileReference; lastKnownFileType = sourcecode.swift; path = SearchPlaceAPI.swift; sourceTree = "<group>"; };
		FF8B26732658DEC500E54162 /* APIURLs.swift */ = {isa = PBXFileReference; lastKnownFileType = sourcecode.swift; path = APIURLs.swift; sourceTree = "<group>"; };
		FF8B26762658E00100E54162 /* Places.swift */ = {isa = PBXFileReference; lastKnownFileType = sourcecode.swift; path = Places.swift; sourceTree = "<group>"; };
		FF8B26782658E42100E54162 /* Paths.swift */ = {isa = PBXFileReference; lastKnownFileType = sourcecode.swift; path = Paths.swift; sourceTree = "<group>"; };
		FF8B267A26591D1700E54162 /* SearchResult.storyboard */ = {isa = PBXFileReference; lastKnownFileType = file.storyboard; path = SearchResult.storyboard; sourceTree = "<group>"; };
		FF8B267C26591E4600E54162 /* SearchResultController.swift */ = {isa = PBXFileReference; lastKnownFileType = sourcecode.swift; path = SearchResultController.swift; sourceTree = "<group>"; };
/* End PBXFileReference section */

/* Begin PBXFrameworksBuildPhase section */
		005B9D312658D4F600575FAC /* Frameworks */ = {
			isa = PBXFrameworksBuildPhase;
			buildActionMask = 2147483647;
			files = (
			);
			runOnlyForDeploymentPostprocessing = 0;
		};
/* End PBXFrameworksBuildPhase section */

/* Begin PBXGroup section */
		005B9D2B2658D4F600575FAC = {
			isa = PBXGroup;
			children = (
				005B9D362658D4F600575FAC /* Noonee */,
				005B9D352658D4F600575FAC /* Products */,
			);
			sourceTree = "<group>";
		};
		005B9D352658D4F600575FAC /* Products */ = {
			isa = PBXGroup;
			children = (
				005B9D342658D4F600575FAC /* Noonee.app */,
			);
			name = Products;
			sourceTree = "<group>";
		};
		005B9D362658D4F600575FAC /* Noonee */ = {
			isa = PBXGroup;
			children = (
				FF5A47E4265948250003DEB1 /* Extension */,
				FF8B26752658DFD200E54162 /* Model */,
				FF8B266A2658DD4000E54162 /* APIService */,
				005B9D372658D4F600575FAC /* AppDelegate.swift */,
				005B9D392658D4F600575FAC /* SceneDelegate.swift */,
				005B9D3B2658D4F600575FAC /* HomeViewController.swift */,
				005B9D53265944C700575FAC /* Confirm */,
				005B9D3D2658D4F600575FAC /* Main.storyboard */,
				FF5A47E7265957000003DEB1 /* SearchResult */,
				005B9D402658D4F900575FAC /* Assets.xcassets */,
				005B9D422658D4F900575FAC /* LaunchScreen.storyboard */,
				005B9D452658D4F900575FAC /* Info.plist */,
			);
			path = Noonee;
			sourceTree = "<group>";
		};
		005B9D53265944C700575FAC /* Confirm */ = {
			isa = PBXGroup;
			children = (
				005B9D4F2659449100575FAC /* Confirm.storyboard */,
				005B9D51265944AA00575FAC /* ConfirmViewController.swift */,
			);
			path = Confirm;
			sourceTree = "<group>";
		};
		FF5A47E4265948250003DEB1 /* Extension */ = {
			isa = PBXGroup;
			children = (
				FF5A47E5265948350003DEB1 /* CALayer+addBorder.swift */,
			);
			path = Extension;
			sourceTree = "<group>";
		};
		FF5A47E7265957000003DEB1 /* SearchResult */ = {
			isa = PBXGroup;
			children = (
				FF8B267C26591E4600E54162 /* SearchResultController.swift */,
				FF8B267A26591D1700E54162 /* SearchResult.storyboard */,
				FF5A47E8265957120003DEB1 /* PlaceTableView */,
			);
			path = SearchResult;
			sourceTree = "<group>";
		};
		FF5A47E8265957120003DEB1 /* PlaceTableView */ = {
			isa = PBXGroup;
			children = (
				FF5A47E126593A7B0003DEB1 /* PlaceTableViewCell.xib */,
				FF5A47E026593A7B0003DEB1 /* PlaceTableViewCell.swift */,
			);
			path = PlaceTableView;
			sourceTree = "<group>";
		};
		FF8B266A2658DD4000E54162 /* APIService */ = {
			isa = PBXGroup;
			children = (
				FF8B26722658DE9D00E54162 /* APIURLs */,
				FF8B266C2658DD6300E54162 /* SearchPathAPI */,
				FF8B266B2658DD4600E54162 /* SearchPlaceAPI */,
			);
			path = APIService;
			sourceTree = "<group>";
		};
		FF8B266B2658DD4600E54162 /* SearchPlaceAPI */ = {
			isa = PBXGroup;
			children = (
				FF8B26702658DDC200E54162 /* SearchPlaceAPI.swift */,
			);
			path = SearchPlaceAPI;
			sourceTree = "<group>";
		};
		FF8B266C2658DD6300E54162 /* SearchPathAPI */ = {
			isa = PBXGroup;
			children = (
				FF8B266E2658DDA000E54162 /* SearchPathAPI.swift */,
			);
			path = SearchPathAPI;
			sourceTree = "<group>";
		};
		FF8B26722658DE9D00E54162 /* APIURLs */ = {
			isa = PBXGroup;
			children = (
				FF8B26732658DEC500E54162 /* APIURLs.swift */,
			);
			path = APIURLs;
			sourceTree = "<group>";
		};
		FF8B26752658DFD200E54162 /* Model */ = {
			isa = PBXGroup;
			children = (
				FF8B26762658E00100E54162 /* Places.swift */,
				FF8B26782658E42100E54162 /* Paths.swift */,
			);
			path = Model;
			sourceTree = "<group>";
		};
/* End PBXGroup section */

/* Begin PBXNativeTarget section */
		005B9D332658D4F600575FAC /* Noonee */ = {
			isa = PBXNativeTarget;
			buildConfigurationList = 005B9D482658D4F900575FAC /* Build configuration list for PBXNativeTarget "Noonee" */;
			buildPhases = (
				005B9D302658D4F600575FAC /* Sources */,
				005B9D312658D4F600575FAC /* Frameworks */,
				005B9D322658D4F600575FAC /* Resources */,
			);
			buildRules = (
			);
			dependencies = (
			);
			name = Noonee;
			productName = Noonee;
			productReference = 005B9D342658D4F600575FAC /* Noonee.app */;
			productType = "com.apple.product-type.application";
		};
/* End PBXNativeTarget section */

/* Begin PBXProject section */
		005B9D2C2658D4F600575FAC /* Project object */ = {
			isa = PBXProject;
			attributes = {
				LastSwiftUpdateCheck = 1250;
				LastUpgradeCheck = 1250;
				TargetAttributes = {
					005B9D332658D4F600575FAC = {
						CreatedOnToolsVersion = 12.5;
					};
				};
			};
			buildConfigurationList = 005B9D2F2658D4F600575FAC /* Build configuration list for PBXProject "Noonee" */;
			compatibilityVersion = "Xcode 9.3";
			developmentRegion = en;
			hasScannedForEncodings = 0;
			knownRegions = (
				en,
				Base,
			);
			mainGroup = 005B9D2B2658D4F600575FAC;
			productRefGroup = 005B9D352658D4F600575FAC /* Products */;
			projectDirPath = "";
			projectRoot = "";
			targets = (
				005B9D332658D4F600575FAC /* Noonee */,
			);
		};
/* End PBXProject section */

/* Begin PBXResourcesBuildPhase section */
		005B9D322658D4F600575FAC /* Resources */ = {
			isa = PBXResourcesBuildPhase;
			buildActionMask = 2147483647;
			files = (
				005B9D442658D4F900575FAC /* LaunchScreen.storyboard in Resources */,
				005B9D412658D4F900575FAC /* Assets.xcassets in Resources */,
				FF8B267B26591D1700E54162 /* SearchResult.storyboard in Resources */,
				FF5A47E326593A7B0003DEB1 /* PlaceTableViewCell.xib in Resources */,
				005B9D3F2658D4F600575FAC /* Main.storyboard in Resources */,
				005B9D502659449100575FAC /* Confirm.storyboard in Resources */,
			);
			runOnlyForDeploymentPostprocessing = 0;
		};
/* End PBXResourcesBuildPhase section */

/* Begin PBXSourcesBuildPhase section */
		005B9D302658D4F600575FAC /* Sources */ = {
			isa = PBXSourcesBuildPhase;
			buildActionMask = 2147483647;
			files = (
				FF5A47E6265948350003DEB1 /* CALayer+addBorder.swift in Sources */,
				005B9D3C2658D4F600575FAC /* HomeViewController.swift in Sources */,
				005B9D382658D4F600575FAC /* AppDelegate.swift in Sources */,
				005B9D4C2659055D00575FAC /* SearchViewController.swift in Sources */,
				005B9D3A2658D4F600575FAC /* SceneDelegate.swift in Sources */,
				FF8B267D26591E4700E54162 /* SearchResultController.swift in Sources */,
				FF8B26772658E00100E54162 /* Places.swift in Sources */,
				005B9D52265944AA00575FAC /* ConfirmViewController.swift in Sources */,
				FF8B266F2658DDA000E54162 /* SearchPathAPI.swift in Sources */,
				FF8B26742658DEC500E54162 /* APIURLs.swift in Sources */,
				FF8B26792658E42100E54162 /* Paths.swift in Sources */,
				FF8B26712658DDC200E54162 /* SearchPlaceAPI.swift in Sources */,
				FF5A47E226593A7B0003DEB1 /* PlaceTableViewCell.swift in Sources */,
			);
			runOnlyForDeploymentPostprocessing = 0;
		};
/* End PBXSourcesBuildPhase section */

/* Begin PBXVariantGroup section */
		005B9D3D2658D4F600575FAC /* Main.storyboard */ = {
			isa = PBXVariantGroup;
			children = (
				005B9D3E2658D4F600575FAC /* Base */,
			);
			name = Main.storyboard;
			sourceTree = "<group>";
		};
		005B9D422658D4F900575FAC /* LaunchScreen.storyboard */ = {
			isa = PBXVariantGroup;
			children = (
				005B9D432658D4F900575FAC /* Base */,
			);
			name = LaunchScreen.storyboard;
			sourceTree = "<group>";
		};
/* End PBXVariantGroup section */

/* Begin XCBuildConfiguration section */
		005B9D462658D4F900575FAC /* Debug */ = {
			isa = XCBuildConfiguration;
			buildSettings = {
				ALWAYS_SEARCH_USER_PATHS = NO;
				CLANG_ANALYZER_NONNULL = YES;
				CLANG_ANALYZER_NUMBER_OBJECT_CONVERSION = YES_AGGRESSIVE;
				CLANG_CXX_LANGUAGE_STANDARD = "gnu++14";
				CLANG_CXX_LIBRARY = "libc++";
				CLANG_ENABLE_MODULES = YES;
				CLANG_ENABLE_OBJC_ARC = YES;
				CLANG_ENABLE_OBJC_WEAK = YES;
				CLANG_WARN_BLOCK_CAPTURE_AUTORELEASING = YES;
				CLANG_WARN_BOOL_CONVERSION = YES;
				CLANG_WARN_COMMA = YES;
				CLANG_WARN_CONSTANT_CONVERSION = YES;
				CLANG_WARN_DEPRECATED_OBJC_IMPLEMENTATIONS = YES;
				CLANG_WARN_DIRECT_OBJC_ISA_USAGE = YES_ERROR;
				CLANG_WARN_DOCUMENTATION_COMMENTS = YES;
				CLANG_WARN_EMPTY_BODY = YES;
				CLANG_WARN_ENUM_CONVERSION = YES;
				CLANG_WARN_INFINITE_RECURSION = YES;
				CLANG_WARN_INT_CONVERSION = YES;
				CLANG_WARN_NON_LITERAL_NULL_CONVERSION = YES;
				CLANG_WARN_OBJC_IMPLICIT_RETAIN_SELF = YES;
				CLANG_WARN_OBJC_LITERAL_CONVERSION = YES;
				CLANG_WARN_OBJC_ROOT_CLASS = YES_ERROR;
				CLANG_WARN_QUOTED_INCLUDE_IN_FRAMEWORK_HEADER = YES;
				CLANG_WARN_RANGE_LOOP_ANALYSIS = YES;
				CLANG_WARN_STRICT_PROTOTYPES = YES;
				CLANG_WARN_SUSPICIOUS_MOVE = YES;
				CLANG_WARN_UNGUARDED_AVAILABILITY = YES_AGGRESSIVE;
				CLANG_WARN_UNREACHABLE_CODE = YES;
				CLANG_WARN__DUPLICATE_METHOD_MATCH = YES;
				COPY_PHASE_STRIP = NO;
				DEBUG_INFORMATION_FORMAT = dwarf;
				ENABLE_STRICT_OBJC_MSGSEND = YES;
				ENABLE_TESTABILITY = YES;
				GCC_C_LANGUAGE_STANDARD = gnu11;
				GCC_DYNAMIC_NO_PIC = NO;
				GCC_NO_COMMON_BLOCKS = YES;
				GCC_OPTIMIZATION_LEVEL = 0;
				GCC_PREPROCESSOR_DEFINITIONS = (
					"DEBUG=1",
					"$(inherited)",
				);
				GCC_WARN_64_TO_32_BIT_CONVERSION = YES;
				GCC_WARN_ABOUT_RETURN_TYPE = YES_ERROR;
				GCC_WARN_UNDECLARED_SELECTOR = YES;
				GCC_WARN_UNINITIALIZED_AUTOS = YES_AGGRESSIVE;
				GCC_WARN_UNUSED_FUNCTION = YES;
				GCC_WARN_UNUSED_VARIABLE = YES;
				IPHONEOS_DEPLOYMENT_TARGET = 14.5;
				MTL_ENABLE_DEBUG_INFO = INCLUDE_SOURCE;
				MTL_FAST_MATH = YES;
				ONLY_ACTIVE_ARCH = YES;
				SDKROOT = iphoneos;
				SWIFT_ACTIVE_COMPILATION_CONDITIONS = DEBUG;
				SWIFT_OPTIMIZATION_LEVEL = "-Onone";
			};
			name = Debug;
		};
		005B9D472658D4F900575FAC /* Release */ = {
			isa = XCBuildConfiguration;
			buildSettings = {
				ALWAYS_SEARCH_USER_PATHS = NO;
				CLANG_ANALYZER_NONNULL = YES;
				CLANG_ANALYZER_NUMBER_OBJECT_CONVERSION = YES_AGGRESSIVE;
				CLANG_CXX_LANGUAGE_STANDARD = "gnu++14";
				CLANG_CXX_LIBRARY = "libc++";
				CLANG_ENABLE_MODULES = YES;
				CLANG_ENABLE_OBJC_ARC = YES;
				CLANG_ENABLE_OBJC_WEAK = YES;
				CLANG_WARN_BLOCK_CAPTURE_AUTORELEASING = YES;
				CLANG_WARN_BOOL_CONVERSION = YES;
				CLANG_WARN_COMMA = YES;
				CLANG_WARN_CONSTANT_CONVERSION = YES;
				CLANG_WARN_DEPRECATED_OBJC_IMPLEMENTATIONS = YES;
				CLANG_WARN_DIRECT_OBJC_ISA_USAGE = YES_ERROR;
				CLANG_WARN_DOCUMENTATION_COMMENTS = YES;
				CLANG_WARN_EMPTY_BODY = YES;
				CLANG_WARN_ENUM_CONVERSION = YES;
				CLANG_WARN_INFINITE_RECURSION = YES;
				CLANG_WARN_INT_CONVERSION = YES;
				CLANG_WARN_NON_LITERAL_NULL_CONVERSION = YES;
				CLANG_WARN_OBJC_IMPLICIT_RETAIN_SELF = YES;
				CLANG_WARN_OBJC_LITERAL_CONVERSION = YES;
				CLANG_WARN_OBJC_ROOT_CLASS = YES_ERROR;
				CLANG_WARN_QUOTED_INCLUDE_IN_FRAMEWORK_HEADER = YES;
				CLANG_WARN_RANGE_LOOP_ANALYSIS = YES;
				CLANG_WARN_STRICT_PROTOTYPES = YES;
				CLANG_WARN_SUSPICIOUS_MOVE = YES;
				CLANG_WARN_UNGUARDED_AVAILABILITY = YES_AGGRESSIVE;
				CLANG_WARN_UNREACHABLE_CODE = YES;
				CLANG_WARN__DUPLICATE_METHOD_MATCH = YES;
				COPY_PHASE_STRIP = NO;
				DEBUG_INFORMATION_FORMAT = "dwarf-with-dsym";
				ENABLE_NS_ASSERTIONS = NO;
				ENABLE_STRICT_OBJC_MSGSEND = YES;
				GCC_C_LANGUAGE_STANDARD = gnu11;
				GCC_NO_COMMON_BLOCKS = YES;
				GCC_WARN_64_TO_32_BIT_CONVERSION = YES;
				GCC_WARN_ABOUT_RETURN_TYPE = YES_ERROR;
				GCC_WARN_UNDECLARED_SELECTOR = YES;
				GCC_WARN_UNINITIALIZED_AUTOS = YES_AGGRESSIVE;
				GCC_WARN_UNUSED_FUNCTION = YES;
				GCC_WARN_UNUSED_VARIABLE = YES;
				IPHONEOS_DEPLOYMENT_TARGET = 14.5;
				MTL_ENABLE_DEBUG_INFO = NO;
				MTL_FAST_MATH = YES;
				SDKROOT = iphoneos;
				SWIFT_COMPILATION_MODE = wholemodule;
				SWIFT_OPTIMIZATION_LEVEL = "-O";
				VALIDATE_PRODUCT = YES;
			};
			name = Release;
		};
		005B9D492658D4F900575FAC /* Debug */ = {
			isa = XCBuildConfiguration;
			buildSettings = {
				ASSETCATALOG_COMPILER_APPICON_NAME = AppIcon;
				ASSETCATALOG_COMPILER_GLOBAL_ACCENT_COLOR_NAME = AccentColor;
				CODE_SIGN_STYLE = Automatic;
				DEVELOPMENT_TEAM = R78643UTJ5;
				INFOPLIST_FILE = Noonee/Info.plist;
				LD_RUNPATH_SEARCH_PATHS = (
					"$(inherited)",
					"@executable_path/Frameworks",
				);
				PRODUCT_BUNDLE_IDENTIFIER = co.junctionx.4pj2.Noonee;
				PRODUCT_NAME = "$(TARGET_NAME)";
				SWIFT_VERSION = 5.0;
				TARGETED_DEVICE_FAMILY = "1,2";
			};
			name = Debug;
		};
		005B9D4A2658D4F900575FAC /* Release */ = {
			isa = XCBuildConfiguration;
			buildSettings = {
				ASSETCATALOG_COMPILER_APPICON_NAME = AppIcon;
				ASSETCATALOG_COMPILER_GLOBAL_ACCENT_COLOR_NAME = AccentColor;
				CODE_SIGN_STYLE = Automatic;
				DEVELOPMENT_TEAM = R78643UTJ5;
				INFOPLIST_FILE = Noonee/Info.plist;
				LD_RUNPATH_SEARCH_PATHS = (
					"$(inherited)",
					"@executable_path/Frameworks",
				);
				PRODUCT_BUNDLE_IDENTIFIER = co.junctionx.4pj2.Noonee;
				PRODUCT_NAME = "$(TARGET_NAME)";
				SWIFT_VERSION = 5.0;
				TARGETED_DEVICE_FAMILY = "1,2";
			};
			name = Release;
		};
/* End XCBuildConfiguration section */

/* Begin XCConfigurationList section */
		005B9D2F2658D4F600575FAC /* Build configuration list for PBXProject "Noonee" */ = {
			isa = XCConfigurationList;
			buildConfigurations = (
				005B9D462658D4F900575FAC /* Debug */,
				005B9D472658D4F900575FAC /* Release */,
			);
			defaultConfigurationIsVisible = 0;
			defaultConfigurationName = Release;
		};
		005B9D482658D4F900575FAC /* Build configuration list for PBXNativeTarget "Noonee" */ = {
			isa = XCConfigurationList;
			buildConfigurations = (
				005B9D492658D4F900575FAC /* Debug */,
				005B9D4A2658D4F900575FAC /* Release */,
			);
			defaultConfigurationIsVisible = 0;
			defaultConfigurationName = Release;
		};
/* End XCConfigurationList section */
	};
	rootObject = 005B9D2C2658D4F600575FAC /* Project object */;
}
